
Microsoft Visual Studio Solution File, Format Version 12.00
# Visual Studio Version 17
VisualStudioVersion = 17.5.33424.131
MinimumVisualStudioVersion = 10.0.40219.1
Project("{FAE04EC0-301F-11D3-BF4B-00C04F79EFBC}") = "HumanLib", "HumanLib\HumanLib.csproj", "{C60CD607-F32A-4C36-A81A-B6B0DE2DF879}"
EndProject
Project("{FAE04EC0-301F-11D3-BF4B-00C04F79EFBC}") = "HumanSerlizationApp", "HumanSerlizationApp\HumanSerlizationApp.csproj", "{83C883D3-0E77-40F0-BD1D-25B2EC04BA49}"
EndProject
Project("{FAE04EC0-301F-11D3-BF4B-00C04F79EFBC}") = "HumanDeserlizationApp", "HumanDeserlizationApp\HumanDeserlizationApp.csproj", "{B5C4AA6D-486D-4266-81E7-09BA3B49858A}"
EndProject
Global
	GlobalSection(SolutionConfigurationPlatforms) = preSolution
		Debug|Any CPU = Debug|Any CPU
		Release|Any CPU = Release|Any CPU
	EndGlobalSection
	GlobalSection(ProjectConfigurationPlatforms) = postSolution
		{C60CD607-F32A-4C36-A81A-B6B0DE2DF879}.Debug|Any CPU.ActiveCfg = Debug|Any CPU
		{C60CD607-F32A-4C36-A81A-B6B0DE2DF879}.Debug|Any CPU.Build.0 = Debug|Any CPU
		{C60CD607-F32A-4C36-A81A-B6B0DE2DF879}.Release|Any CPU.ActiveCfg = Release|Any CPU
		{C60CD607-F32A-4C36-A81A-B6B0DE2DF879}.Release|Any CPU.Build.0 = Release|Any CPU
		{83C883D3-0E77-40F0-BD1D-25B2EC04BA49}.Debug|Any CPU.ActiveCfg = Debug|Any CPU
		{83C883D3-0E77-40F0-BD1D-25B2EC04BA49}.Debug|Any CPU.Build.0 = Debug|Any CPU
		{83C883D3-0E77-40F0-BD1D-25B2EC04BA49}.Release|Any CPU.ActiveCfg = Release|Any CPU
		{83C883D3-0E77-40F0-BD1D-25B2EC04BA49}.Release|Any CPU.Build.0 = Release|Any CPU
		{B5C4AA6D-486D-4266-81E7-09BA3B49858A}.Debug|Any CPU.ActiveCfg = Debug|Any CPU
		{B5C4AA6D-486D-4266-81E7-09BA3B49858A}.Debug|Any CPU.Build.0 = Debug|Any CPU
		{B5C4AA6D-486D-4266-81E7-09BA3B49858A}.Release|Any CPU.ActiveCfg = Release|Any CPU
		{B5C4AA6D-486D-4266-81E7-09BA3B49858A}.Release|Any CPU.Build.0 = Release|Any CPU
	EndGlobalSection
	GlobalSection(SolutionProperties) = preSolution
		HideSolutionNode = FALSE
	EndGlobalSection
	GlobalSection(ExtensibilityGlobals) = postSolution
		SolutionGuid = {F97C475F-07C9-433A-B6AA-5AA0B50AA2CC}
	EndGlobalSection
EndGlobal
