
Microsoft Visual Studio Solution File, Format Version 12.00
# Visual Studio Version 17
VisualStudioVersion = 17.5.33414.496
MinimumVisualStudioVersion = 10.0.40219.1
Project("{FAE04EC0-301F-11D3-BF4B-00C04F79EFBC}") = "CircleWithPropertiesApp", "CircleWithPropertiesApp.csproj", "{7235CEE2-0CD2-465B-BDDD-EB87CCDA1FCC}"
EndProject
Global
	GlobalSection(SolutionConfigurationPlatforms) = preSolution
		Debug|Any CPU = Debug|Any CPU
		Release|Any CPU = Release|Any CPU
	EndGlobalSection
	GlobalSection(ProjectConfigurationPlatforms) = postSolution
		{7235CEE2-0CD2-465B-BDDD-EB87CCDA1FCC}.Debug|Any CPU.ActiveCfg = Debug|Any CPU
		{7235CEE2-0CD2-465B-BDDD-EB87CCDA1FCC}.Debug|Any CPU.Build.0 = Debug|Any CPU
		{7235CEE2-0CD2-465B-BDDD-EB87CCDA1FCC}.Release|Any CPU.ActiveCfg = Release|Any CPU
		{7235CEE2-0CD2-465B-BDDD-EB87CCDA1FCC}.Release|Any CPU.Build.0 = Release|Any CPU
	EndGlobalSection
	GlobalSection(SolutionProperties) = preSolution
		HideSolutionNode = FALSE
	EndGlobalSection
	GlobalSection(ExtensibilityGlobals) = postSolution
		SolutionGuid = {4E648608-348B-49F8-91D4-AC8F9A0455D6}
	EndGlobalSection
EndGlobal
