
Microsoft Visual Studio Solution File, Format Version 12.00
# Visual Studio Version 17
VisualStudioVersion = 17.5.33414.496
MinimumVisualStudioVersion = 10.0.40219.1
Project("{FAE04EC0-301F-11D3-BF4B-00C04F79EFBC}") = "EmployeeToStringEqualsApp", "EmployeeToStringEqualsApp.csproj", "{ABBC98A6-AA80-46DA-9708-C67DFCC71780}"
EndProject
Global
	GlobalSection(SolutionConfigurationPlatforms) = preSolution
		Debug|Any CPU = Debug|Any CPU
		Release|Any CPU = Release|Any CPU
	EndGlobalSection
	GlobalSection(ProjectConfigurationPlatforms) = postSolution
		{ABBC98A6-AA80-46DA-9708-C67DFCC71780}.Debug|Any CPU.ActiveCfg = Debug|Any CPU
		{ABBC98A6-AA80-46DA-9708-C67DFCC71780}.Debug|Any CPU.Build.0 = Debug|Any CPU
		{ABBC98A6-AA80-46DA-9708-C67DFCC71780}.Release|Any CPU.ActiveCfg = Release|Any CPU
		{ABBC98A6-AA80-46DA-9708-C67DFCC71780}.Release|Any CPU.Build.0 = Release|Any CPU
	EndGlobalSection
	GlobalSection(SolutionProperties) = preSolution
		HideSolutionNode = FALSE
	EndGlobalSection
	GlobalSection(ExtensibilityGlobals) = postSolution
		SolutionGuid = {2C5B1B6D-D910-4BD7-B3EE-F398CBB62F5F}
	EndGlobalSection
EndGlobal
