
Microsoft Visual Studio Solution File, Format Version 12.00
# Visual Studio Version 17
VisualStudioVersion = 17.5.33414.496
MinimumVisualStudioVersion = 10.0.40219.1
Project("{FAE04EC0-301F-11D3-BF4B-00C04F79EFBC}") = "BoxingApp", "BoxingApp.csproj", "{AE1C1741-47F5-43C6-B2F1-D2E123C8F5DA}"
EndProject
Global
	GlobalSection(SolutionConfigurationPlatforms) = preSolution
		Debug|Any CPU = Debug|Any CPU
		Release|Any CPU = Release|Any CPU
	EndGlobalSection
	GlobalSection(ProjectConfigurationPlatforms) = postSolution
		{AE1C1741-47F5-43C6-B2F1-D2E123C8F5DA}.Debug|Any CPU.ActiveCfg = Debug|Any CPU
		{AE1C1741-47F5-43C6-B2F1-D2E123C8F5DA}.Debug|Any CPU.Build.0 = Debug|Any CPU
		{AE1C1741-47F5-43C6-B2F1-D2E123C8F5DA}.Release|Any CPU.ActiveCfg = Release|Any CPU
		{AE1C1741-47F5-43C6-B2F1-D2E123C8F5DA}.Release|Any CPU.Build.0 = Release|Any CPU
	EndGlobalSection
	GlobalSection(SolutionProperties) = preSolution
		HideSolutionNode = FALSE
	EndGlobalSection
	GlobalSection(ExtensibilityGlobals) = postSolution
		SolutionGuid = {C837DDFD-35FA-4D8A-95E3-C1B4F7AFF613}
	EndGlobalSection
EndGlobal
