
Microsoft Visual Studio Solution File, Format Version 12.00
# Visual Studio Version 17
VisualStudioVersion = 17.5.33424.131
MinimumVisualStudioVersion = 10.0.40219.1
Project("{FAE04EC0-301F-11D3-BF4B-00C04F79EFBC}") = "CustomerLib", "CustomerLib\CustomerLib.csproj", "{56AC2208-7ACF-40B7-8277-16DCD48C05E9}"
EndProject
Project("{FAE04EC0-301F-11D3-BF4B-00C04F79EFBC}") = "CustomerSerializationApp", "CustomerSerializationApp\CustomerSerializationApp.csproj", "{F2991B1F-000B-44D7-BFB9-FC13F930D119}"
EndProject
Project("{FAE04EC0-301F-11D3-BF4B-00C04F79EFBC}") = "CustomerDeserializationApp", "CustomerDeserializationApp\CustomerDeserializationApp.csproj", "{8B1331C4-22BF-42BA-B776-43DB6EDC59F1}"
EndProject
Global
	GlobalSection(SolutionConfigurationPlatforms) = preSolution
		Debug|Any CPU = Debug|Any CPU
		Release|Any CPU = Release|Any CPU
	EndGlobalSection
	GlobalSection(ProjectConfigurationPlatforms) = postSolution
		{56AC2208-7ACF-40B7-8277-16DCD48C05E9}.Debug|Any CPU.ActiveCfg = Debug|Any CPU
		{56AC2208-7ACF-40B7-8277-16DCD48C05E9}.Debug|Any CPU.Build.0 = Debug|Any CPU
		{56AC2208-7ACF-40B7-8277-16DCD48C05E9}.Release|Any CPU.ActiveCfg = Release|Any CPU
		{56AC2208-7ACF-40B7-8277-16DCD48C05E9}.Release|Any CPU.Build.0 = Release|Any CPU
		{F2991B1F-000B-44D7-BFB9-FC13F930D119}.Debug|Any CPU.ActiveCfg = Debug|Any CPU
		{F2991B1F-000B-44D7-BFB9-FC13F930D119}.Debug|Any CPU.Build.0 = Debug|Any CPU
		{F2991B1F-000B-44D7-BFB9-FC13F930D119}.Release|Any CPU.ActiveCfg = Release|Any CPU
		{F2991B1F-000B-44D7-BFB9-FC13F930D119}.Release|Any CPU.Build.0 = Release|Any CPU
		{8B1331C4-22BF-42BA-B776-43DB6EDC59F1}.Debug|Any CPU.ActiveCfg = Debug|Any CPU
		{8B1331C4-22BF-42BA-B776-43DB6EDC59F1}.Debug|Any CPU.Build.0 = Debug|Any CPU
		{8B1331C4-22BF-42BA-B776-43DB6EDC59F1}.Release|Any CPU.ActiveCfg = Release|Any CPU
		{8B1331C4-22BF-42BA-B776-43DB6EDC59F1}.Release|Any CPU.Build.0 = Release|Any CPU
	EndGlobalSection
	GlobalSection(SolutionProperties) = preSolution
		HideSolutionNode = FALSE
	EndGlobalSection
	GlobalSection(ExtensibilityGlobals) = postSolution
		SolutionGuid = {C9D48072-260F-4ADE-9015-B1FBC3EE1555}
	EndGlobalSection
EndGlobal
