
Microsoft Visual Studio Solution File, Format Version 12.00
# Visual Studio Version 17
VisualStudioVersion = 17.5.33414.496
MinimumVisualStudioVersion = 10.0.40219.1
Project("{FAE04EC0-301F-11D3-BF4B-00C04F79EFBC}") = "PigDiceGameApp", "PigDiceGameApp.csproj", "{F59B211E-35EE-4514-AF11-A97278D0ECF8}"
EndProject
Global
	GlobalSection(SolutionConfigurationPlatforms) = preSolution
		Debug|Any CPU = Debug|Any CPU
		Release|Any CPU = Release|Any CPU
	EndGlobalSection
	GlobalSection(ProjectConfigurationPlatforms) = postSolution
		{F59B211E-35EE-4514-AF11-A97278D0ECF8}.Debug|Any CPU.ActiveCfg = Debug|Any CPU
		{F59B211E-35EE-4514-AF11-A97278D0ECF8}.Debug|Any CPU.Build.0 = Debug|Any CPU
		{F59B211E-35EE-4514-AF11-A97278D0ECF8}.Release|Any CPU.ActiveCfg = Release|Any CPU
		{F59B211E-35EE-4514-AF11-A97278D0ECF8}.Release|Any CPU.Build.0 = Release|Any CPU
	EndGlobalSection
	GlobalSection(SolutionProperties) = preSolution
		HideSolutionNode = FALSE
	EndGlobalSection
	GlobalSection(ExtensibilityGlobals) = postSolution
		SolutionGuid = {A43DF050-0DBC-46A3-8517-661D324BAB0E}
	EndGlobalSection
EndGlobal
