
Microsoft Visual Studio Solution File, Format Version 12.00
# Visual Studio Version 17
VisualStudioVersion = 17.5.33414.496
MinimumVisualStudioVersion = 10.0.40219.1
Project("{FAE04EC0-301F-11D3-BF4B-00C04F79EFBC}") = "AccountApp", "AccountApp.csproj", "{1180BB34-FA0F-4545-9CF6-AA42612521D6}"
EndProject
Global
	GlobalSection(SolutionConfigurationPlatforms) = preSolution
		Debug|Any CPU = Debug|Any CPU
		Release|Any CPU = Release|Any CPU
	EndGlobalSection
	GlobalSection(ProjectConfigurationPlatforms) = postSolution
		{1180BB34-FA0F-4545-9CF6-AA42612521D6}.Debug|Any CPU.ActiveCfg = Debug|Any CPU
		{1180BB34-FA0F-4545-9CF6-AA42612521D6}.Debug|Any CPU.Build.0 = Debug|Any CPU
		{1180BB34-FA0F-4545-9CF6-AA42612521D6}.Release|Any CPU.ActiveCfg = Release|Any CPU
		{1180BB34-FA0F-4545-9CF6-AA42612521D6}.Release|Any CPU.Build.0 = Release|Any CPU
	EndGlobalSection
	GlobalSection(SolutionProperties) = preSolution
		HideSolutionNode = FALSE
	EndGlobalSection
	GlobalSection(ExtensibilityGlobals) = postSolution
		SolutionGuid = {1DAE431A-C03C-4CB1-B309-98C8C0F037F4}
	EndGlobalSection
EndGlobal
