
Microsoft Visual Studio Solution File, Format Version 12.00
# Visual Studio Version 17
VisualStudioVersion = 17.5.33414.496
MinimumVisualStudioVersion = 10.0.40219.1
Project("{FAE04EC0-301F-11D3-BF4B-00C04F79EFBC}") = "PlayerApp", "PlayerApp.csproj", "{0FBA44F7-D6ED-435F-B411-A583EE57FCF8}"
EndProject
Global
	GlobalSection(SolutionConfigurationPlatforms) = preSolution
		Debug|Any CPU = Debug|Any CPU
		Release|Any CPU = Release|Any CPU
	EndGlobalSection
	GlobalSection(ProjectConfigurationPlatforms) = postSolution
		{0FBA44F7-D6ED-435F-B411-A583EE57FCF8}.Debug|Any CPU.ActiveCfg = Debug|Any CPU
		{0FBA44F7-D6ED-435F-B411-A583EE57FCF8}.Debug|Any CPU.Build.0 = Debug|Any CPU
		{0FBA44F7-D6ED-435F-B411-A583EE57FCF8}.Release|Any CPU.ActiveCfg = Release|Any CPU
		{0FBA44F7-D6ED-435F-B411-A583EE57FCF8}.Release|Any CPU.Build.0 = Release|Any CPU
	EndGlobalSection
	GlobalSection(SolutionProperties) = preSolution
		HideSolutionNode = FALSE
	EndGlobalSection
	GlobalSection(ExtensibilityGlobals) = postSolution
		SolutionGuid = {E0192CD7-FA61-4859-B9E8-C77002EEB0D4}
	EndGlobalSection
EndGlobal
